
Microsoft Visual Studio Solution File, Format Version 12.00
# Visual Studio Version 17
VisualStudioVersion = 17.9.34616.47
MinimumVisualStudioVersion = 10.0.40219.1
Project("{FAE04EC0-301F-11D3-BF4B-00C04F79EFBC}") = "SplitOpdracht", "SplitOpdracht.csproj", "{2A0A251B-BFF5-48DA-BC37-3D989E87DFE7}"
EndProject
Global
	GlobalSection(SolutionConfigurationPlatforms) = preSolution
		Debug|Any CPU = Debug|Any CPU
		Release|Any CPU = Release|Any CPU
	EndGlobalSection
	GlobalSection(ProjectConfigurationPlatforms) = postSolution
		{2A0A251B-BFF5-48DA-BC37-3D989E87DFE7}.Debug|Any CPU.ActiveCfg = Debug|Any CPU
		{2A0A251B-BFF5-48DA-BC37-3D989E87DFE7}.Debug|Any CPU.Build.0 = Debug|Any CPU
		{2A0A251B-BFF5-48DA-BC37-3D989E87DFE7}.Release|Any CPU.ActiveCfg = Release|Any CPU
		{2A0A251B-BFF5-48DA-BC37-3D989E87DFE7}.Release|Any CPU.Build.0 = Release|Any CPU
	EndGlobalSection
	GlobalSection(SolutionProperties) = preSolution
		HideSolutionNode = FALSE
	EndGlobalSection
	GlobalSection(ExtensibilityGlobals) = postSolution
		SolutionGuid = {50B609B3-67D7-4CFD-96C4-55CB1C9DABF2}
	EndGlobalSection
EndGlobal
