
Microsoft Visual Studio Solution File, Format Version 12.00
# Visual Studio Version 17
VisualStudioVersion = 17.9.34616.47
MinimumVisualStudioVersion = 10.0.40219.1
Project("{FAE04EC0-301F-11D3-BF4B-00C04F79EFBC}") = "ConsoleMonGame", "ConsoleMonGame.csproj", "{8961A9A9-4118-4358-9FB5-DF78299078C5}"
EndProject
Global
	GlobalSection(SolutionConfigurationPlatforms) = preSolution
		Debug|Any CPU = Debug|Any CPU
		Release|Any CPU = Release|Any CPU
	EndGlobalSection
	GlobalSection(ProjectConfigurationPlatforms) = postSolution
		{8961A9A9-4118-4358-9FB5-DF78299078C5}.Debug|Any CPU.ActiveCfg = Debug|Any CPU
		{8961A9A9-4118-4358-9FB5-DF78299078C5}.Debug|Any CPU.Build.0 = Debug|Any CPU
		{8961A9A9-4118-4358-9FB5-DF78299078C5}.Release|Any CPU.ActiveCfg = Release|Any CPU
		{8961A9A9-4118-4358-9FB5-DF78299078C5}.Release|Any CPU.Build.0 = Release|Any CPU
	EndGlobalSection
	GlobalSection(SolutionProperties) = preSolution
		HideSolutionNode = FALSE
	EndGlobalSection
	GlobalSection(ExtensibilityGlobals) = postSolution
		SolutionGuid = {510BEAA7-9969-4938-B604-8ADB760BA0B0}
	EndGlobalSection
EndGlobal
